
Microsoft Visual Studio Solution File, Format Version 12.00
# Visual Studio Version 16
VisualStudioVersion = 16.0.31515.178
MinimumVisualStudioVersion = 10.0.40219.1
Project("{888888A0-9F3D-457C-B088-3A5042F75D52}") = "CIS261 Course Project", "CIS261 Course Project.pyproj", "{055B775E-AFAB-4CCB-A304-5758C6A8E00C}"
EndProject
Global
	GlobalSection(SolutionConfigurationPlatforms) = preSolution
		Debug|Any CPU = Debug|Any CPU
		Release|Any CPU = Release|Any CPU
	EndGlobalSection
	GlobalSection(ProjectConfigurationPlatforms) = postSolution
		{055B775E-AFAB-4CCB-A304-5758C6A8E00C}.Debug|Any CPU.ActiveCfg = Debug|Any CPU
		{055B775E-AFAB-4CCB-A304-5758C6A8E00C}.Release|Any CPU.ActiveCfg = Release|Any CPU
	EndGlobalSection
	GlobalSection(SolutionProperties) = preSolution
		HideSolutionNode = FALSE
	EndGlobalSection
	GlobalSection(ExtensibilityGlobals) = postSolution
		SolutionGuid = {1F871384-D1FE-4C44-B375-A06144BB749F}
	EndGlobalSection
EndGlobal
